
Microsoft Visual Studio Solution File, Format Version 12.00
# Visual Studio Version 16
VisualStudioVersion = 16.0.34031.81
MinimumVisualStudioVersion = 10.0.40219.1
Project("{2150E333-8FDC-42A3-9474-1A3956D46DE8}") = "Task0", "Task0", "{98FCF408-2CB3-4E91-B4DF-6E9BCCE25550}"
EndProject
Project("{FAE04EC0-301F-11D3-BF4B-00C04F79EFBC}") = "Tyuiu.KulikovAA.Sprint0.Task0.V0", "Tyuiu.KulikovAA.Sprint0.Task0.V0\Tyuiu.KulikovAA.Sprint0.Task0.V0.csproj", "{11F64989-F5DD-4C14-8012-81B7ECB91BC4}"
EndProject
Project("{2150E333-8FDC-42A3-9474-1A3956D46DE8}") = "Task1", "Task1", "{D43399C6-966E-46C2-BB70-B8314F69F1D9}"
EndProject
Project("{FAE04EC0-301F-11D3-BF4B-00C04F79EFBC}") = "Tyuiu.KulikovAA.Sprint0.Task1.V0", "Tyuiu.KulikovAA.Sprint0.Task1.V0\Tyuiu.KulikovAA.Sprint0.Task1.V0.csproj", "{C00FD954-10E9-46EA-84A2-9B9016C687CE}"
EndProject
Global
	GlobalSection(SolutionConfigurationPlatforms) = preSolution
		Debug|Any CPU = Debug|Any CPU
		Release|Any CPU = Release|Any CPU
	EndGlobalSection
	GlobalSection(ProjectConfigurationPlatforms) = postSolution
		{11F64989-F5DD-4C14-8012-81B7ECB91BC4}.Debug|Any CPU.ActiveCfg = Debug|Any CPU
		{11F64989-F5DD-4C14-8012-81B7ECB91BC4}.Debug|Any CPU.Build.0 = Debug|Any CPU
		{11F64989-F5DD-4C14-8012-81B7ECB91BC4}.Release|Any CPU.ActiveCfg = Release|Any CPU
		{11F64989-F5DD-4C14-8012-81B7ECB91BC4}.Release|Any CPU.Build.0 = Release|Any CPU
		{C00FD954-10E9-46EA-84A2-9B9016C687CE}.Debug|Any CPU.ActiveCfg = Debug|Any CPU
		{C00FD954-10E9-46EA-84A2-9B9016C687CE}.Debug|Any CPU.Build.0 = Debug|Any CPU
		{C00FD954-10E9-46EA-84A2-9B9016C687CE}.Release|Any CPU.ActiveCfg = Release|Any CPU
		{C00FD954-10E9-46EA-84A2-9B9016C687CE}.Release|Any CPU.Build.0 = Release|Any CPU
	EndGlobalSection
	GlobalSection(SolutionProperties) = preSolution
		HideSolutionNode = FALSE
	EndGlobalSection
	GlobalSection(NestedProjects) = preSolution
		{11F64989-F5DD-4C14-8012-81B7ECB91BC4} = {98FCF408-2CB3-4E91-B4DF-6E9BCCE25550}
		{C00FD954-10E9-46EA-84A2-9B9016C687CE} = {D43399C6-966E-46C2-BB70-B8314F69F1D9}
	EndGlobalSection
	GlobalSection(ExtensibilityGlobals) = postSolution
		SolutionGuid = {620CD138-ED64-4895-BD2E-26838FCF3386}
	EndGlobalSection
EndGlobal
